
Microsoft Visual Studio Solution File, Format Version 12.00
# Visual Studio Version 17
VisualStudioVersion = 17.3.32922.545
MinimumVisualStudioVersion = 10.0.40219.1
Project("{FAE04EC0-301F-11D3-BF4B-00C04F79EFBC}") = "AlgoData", "AlgoData.csproj", "{AECC7E58-4206-4DB7-AA3B-CB6671BB495D}"
EndProject
Global
	GlobalSection(SolutionConfigurationPlatforms) = preSolution
		Debug|Any CPU = Debug|Any CPU
		Release|Any CPU = Release|Any CPU
	EndGlobalSection
	GlobalSection(ProjectConfigurationPlatforms) = postSolution
		{AECC7E58-4206-4DB7-AA3B-CB6671BB495D}.Debug|Any CPU.ActiveCfg = Debug|Any CPU
		{AECC7E58-4206-4DB7-AA3B-CB6671BB495D}.Debug|Any CPU.Build.0 = Debug|Any CPU
		{AECC7E58-4206-4DB7-AA3B-CB6671BB495D}.Release|Any CPU.ActiveCfg = Release|Any CPU
		{AECC7E58-4206-4DB7-AA3B-CB6671BB495D}.Release|Any CPU.Build.0 = Release|Any CPU
	EndGlobalSection
	GlobalSection(SolutionProperties) = preSolution
		HideSolutionNode = FALSE
	EndGlobalSection
	GlobalSection(ExtensibilityGlobals) = postSolution
		SolutionGuid = {2F9A9349-7320-4328-B89D-D8E0FAAF8514}
	EndGlobalSection
EndGlobal
